// !$*UTF8*$!
{
	archiveVersion = 1;
	classes = {
	};
	objectVersion = 51;
	objects = {

/* Begin PBXBuildFile section */
		0101A6832609EA1E0000A22A /* long_widthSmall.jpg in Resources */ = {isa = PBXBuildFile; fileRef = 0101A6802609EA1E0000A22A /* long_widthSmall.jpg */; };
		0101A6842609EA1E0000A22A /* long_heightSmall.jpg in Resources */ = {isa = PBXBuildFile; fileRef = 0101A6812609EA1E0000A22A /* long_heightSmall.jpg */; };
		0101A6852609EA1E0000A22A /* long_widthBig.png in Resources */ = {isa = PBXBuildFile; fileRef = 0101A6822609EA1E0000A22A /* long_widthBig.png */; };
		0101A692260ADB310000A22A /* screenCut.jpeg in Resources */ = {isa = PBXBuildFile; fileRef = 0101A691260ADB310000A22A /* screenCut.jpeg */; };
		0101A695260ADCE50000A22A /* sageAlliance.jpg in Resources */ = {isa = PBXBuildFile; fileRef = 0101A694260ADCE50000A22A /* sageAlliance.jpg */; };
		0101A698260AE9520000A22A /* small.png in Resources */ = {isa = PBXBuildFile; fileRef = 0101A697260AE9520000A22A /* small.png */; };
		01924418260480B30010CA1A /* PDValueSlider.swift in Sources */ = {isa = PBXBuildFile; fileRef = 01924417260480B30010CA1A /* PDValueSlider.swift */; };
		019244222608BCA10010CA1A /* PDIMGTransform.swift in Sources */ = {isa = PBXBuildFile; fileRef = 019244212608BCA00010CA1A /* PDIMGTransform.swift */; };
		01C23BE52603236C00D94573 /* AppDelegate.swift in Sources */ = {isa = PBXBuildFile; fileRef = 01C23BE42603236C00D94573 /* AppDelegate.swift */; };
		01C23BE72603236C00D94573 /* SceneDelegate.swift in Sources */ = {isa = PBXBuildFile; fileRef = 01C23BE62603236C00D94573 /* SceneDelegate.swift */; };
		01C23BE92603236C00D94573 /* ViewController.swift in Sources */ = {isa = PBXBuildFile; fileRef = 01C23BE82603236C00D94573 /* ViewController.swift */; };
		01C23BEC2603236C00D94573 /* Main.storyboard in Resources */ = {isa = PBXBuildFile; fileRef = 01C23BEA2603236C00D94573 /* Main.storyboard */; };
		01C23BEE2603236D00D94573 /* Assets.xcassets in Resources */ = {isa = PBXBuildFile; fileRef = 01C23BED2603236D00D94573 /* Assets.xcassets */; };
		01C23BF12603236D00D94573 /* LaunchScreen.storyboard in Resources */ = {isa = PBXBuildFile; fileRef = 01C23BEF2603236D00D94573 /* LaunchScreen.storyboard */; };
		01C23C0C2603241500D94573 /* PDTableViewController.swift in Sources */ = {isa = PBXBuildFile; fileRef = 01C23BFD2603241400D94573 /* PDTableViewController.swift */; };
		01C23C0D2603241500D94573 /* PDListViewController.swift in Sources */ = {isa = PBXBuildFile; fileRef = 01C23BFE2603241400D94573 /* PDListViewController.swift */; };
		01C23C0E2603241500D94573 /* PDNavigationViewController.swift in Sources */ = {isa = PBXBuildFile; fileRef = 01C23BFF2603241400D94573 /* PDNavigationViewController.swift */; };
		01C23C0F2603241500D94573 /* PDViewController.swift in Sources */ = {isa = PBXBuildFile; fileRef = 01C23C002603241400D94573 /* PDViewController.swift */; };
		01C23C102603241500D94573 /* ConstantUI.swift in Sources */ = {isa = PBXBuildFile; fileRef = 01C23C022603241400D94573 /* ConstantUI.swift */; };
		01C23C112603241500D94573 /* PDDevice.swift in Sources */ = {isa = PBXBuildFile; fileRef = 01C23C042603241500D94573 /* PDDevice.swift */; };
		01C23C122603241500D94573 /* PDCGAffineTransformViewController.swift in Sources */ = {isa = PBXBuildFile; fileRef = 01C23C082603241500D94573 /* PDCGAffineTransformViewController.swift */; };
		01C23C132603241500D94573 /* Questions in Resources */ = {isa = PBXBuildFile; fileRef = 01C23C0B2603241500D94573 /* Questions */; };
		01C23C1726032BCC00D94573 /* PDTableViewCell.swift in Sources */ = {isa = PBXBuildFile; fileRef = 01C23C1626032BCC00D94573 /* PDTableViewCell.swift */; };
		01C23C1F2603369600D94573 /* UIViewExtension.swift in Sources */ = {isa = PBXBuildFile; fileRef = 01C23C1E2603369600D94573 /* UIViewExtension.swift */; };
		01C23C2326033BAB00D94573 /* PDUICaseViewController.swift in Sources */ = {isa = PBXBuildFile; fileRef = 01C23C2226033BAB00D94573 /* PDUICaseViewController.swift */; };
		01C23C262603499500D94573 /* PDVCUtil.swift in Sources */ = {isa = PBXBuildFile; fileRef = 01C23C252603499500D94573 /* PDVCUtil.swift */; };
		01C23C2A26034ECD00D94573 /* PDZoomScrollView.swift in Sources */ = {isa = PBXBuildFile; fileRef = 01C23C2926034ECD00D94573 /* PDZoomScrollView.swift */; };
		01C23C2E26034EEF00D94573 /* PDZoomScrollViewController.swift in Sources */ = {isa = PBXBuildFile; fileRef = 01C23C2D26034EEF00D94573 /* PDZoomScrollViewController.swift */; };
		01C23C392603513000D94573 /* PDFileUtil.swift in Sources */ = {isa = PBXBuildFile; fileRef = 01C23C382603513000D94573 /* PDFileUtil.swift */; };
		817D53A754ED472F7519E14D /* Pods_PDemo.framework in Frameworks */ = {isa = PBXBuildFile; fileRef = E44123745A32C1A610C2323E /* Pods_PDemo.framework */; };
/* End PBXBuildFile section */

/* Begin PBXFileReference section */
		007E21AF651E28A683EAE97F /* Pods-PDemo.release.xcconfig */ = {isa = PBXFileReference; includeInIndex = 1; lastKnownFileType = text.xcconfig; name = "Pods-PDemo.release.xcconfig"; path = "Target Support Files/Pods-PDemo/Pods-PDemo.release.xcconfig"; sourceTree = "<group>"; };
		0101A6802609EA1E0000A22A /* long_widthSmall.jpg */ = {isa = PBXFileReference; lastKnownFileType = image.jpeg; path = long_widthSmall.jpg; sourceTree = "<group>"; };
		0101A6812609EA1E0000A22A /* long_heightSmall.jpg */ = {isa = PBXFileReference; lastKnownFileType = image.jpeg; path = long_heightSmall.jpg; sourceTree = "<group>"; };
		0101A6822609EA1E0000A22A /* long_widthBig.png */ = {isa = PBXFileReference; lastKnownFileType = image.png; path = long_widthBig.png; sourceTree = "<group>"; };
		0101A691260ADB310000A22A /* screenCut.jpeg */ = {isa = PBXFileReference; lastKnownFileType = image.jpeg; path = screenCut.jpeg; sourceTree = "<group>"; };
		0101A694260ADCE50000A22A /* sageAlliance.jpg */ = {isa = PBXFileReference; lastKnownFileType = image.jpeg; path = sageAlliance.jpg; sourceTree = "<group>"; };
		0101A697260AE9520000A22A /* small.png */ = {isa = PBXFileReference; lastKnownFileType = image.png; path = small.png; sourceTree = "<group>"; };
		01924417260480B30010CA1A /* PDValueSlider.swift */ = {isa = PBXFileReference; lastKnownFileType = sourcecode.swift; path = PDValueSlider.swift; sourceTree = "<group>"; };
		019244212608BCA00010CA1A /* PDIMGTransform.swift */ = {isa = PBXFileReference; lastKnownFileType = sourcecode.swift; path = PDIMGTransform.swift; sourceTree = "<group>"; };
		01C23BE12603236C00D94573 /* PDemo.app */ = {isa = PBXFileReference; explicitFileType = wrapper.application; includeInIndex = 0; path = PDemo.app; sourceTree = BUILT_PRODUCTS_DIR; };
		01C23BE42603236C00D94573 /* AppDelegate.swift */ = {isa = PBXFileReference; lastKnownFileType = sourcecode.swift; path = AppDelegate.swift; sourceTree = "<group>"; };
		01C23BE62603236C00D94573 /* SceneDelegate.swift */ = {isa = PBXFileReference; lastKnownFileType = sourcecode.swift; path = SceneDelegate.swift; sourceTree = "<group>"; };
		01C23BE82603236C00D94573 /* ViewController.swift */ = {isa = PBXFileReference; lastKnownFileType = sourcecode.swift; path = ViewController.swift; sourceTree = "<group>"; };
		01C23BEB2603236C00D94573 /* Base */ = {isa = PBXFileReference; lastKnownFileType = file.storyboard; name = Base; path = Base.lproj/Main.storyboard; sourceTree = "<group>"; };
		01C23BED2603236D00D94573 /* Assets.xcassets */ = {isa = PBXFileReference; lastKnownFileType = folder.assetcatalog; path = Assets.xcassets; sourceTree = "<group>"; };
		01C23BF02603236D00D94573 /* Base */ = {isa = PBXFileReference; lastKnownFileType = file.storyboard; name = Base; path = Base.lproj/LaunchScreen.storyboard; sourceTree = "<group>"; };
		01C23BF22603236D00D94573 /* Info.plist */ = {isa = PBXFileReference; lastKnownFileType = text.plist.xml; path = Info.plist; sourceTree = "<group>"; };
		01C23BFD2603241400D94573 /* PDTableViewController.swift */ = {isa = PBXFileReference; fileEncoding = 4; lastKnownFileType = sourcecode.swift; path = PDTableViewController.swift; sourceTree = "<group>"; };
		01C23BFE2603241400D94573 /* PDListViewController.swift */ = {isa = PBXFileReference; fileEncoding = 4; lastKnownFileType = sourcecode.swift; path = PDListViewController.swift; sourceTree = "<group>"; };
		01C23BFF2603241400D94573 /* PDNavigationViewController.swift */ = {isa = PBXFileReference; fileEncoding = 4; lastKnownFileType = sourcecode.swift; path = PDNavigationViewController.swift; sourceTree = "<group>"; };
		01C23C002603241400D94573 /* PDViewController.swift */ = {isa = PBXFileReference; fileEncoding = 4; lastKnownFileType = sourcecode.swift; path = PDViewController.swift; sourceTree = "<group>"; };
		01C23C022603241400D94573 /* ConstantUI.swift */ = {isa = PBXFileReference; fileEncoding = 4; lastKnownFileType = sourcecode.swift; path = ConstantUI.swift; sourceTree = "<group>"; };
		01C23C042603241500D94573 /* PDDevice.swift */ = {isa = PBXFileReference; fileEncoding = 4; lastKnownFileType = sourcecode.swift; path = PDDevice.swift; sourceTree = "<group>"; };
		01C23C082603241500D94573 /* PDCGAffineTransformViewController.swift */ = {isa = PBXFileReference; fileEncoding = 4; lastKnownFileType = sourcecode.swift; path = PDCGAffineTransformViewController.swift; sourceTree = "<group>"; };
		01C23C0B2603241500D94573 /* Questions */ = {isa = PBXFileReference; fileEncoding = 4; lastKnownFileType = text; path = Questions; sourceTree = "<group>"; };
		01C23C1626032BCC00D94573 /* PDTableViewCell.swift */ = {isa = PBXFileReference; lastKnownFileType = sourcecode.swift; path = PDTableViewCell.swift; sourceTree = "<group>"; };
		01C23C1E2603369600D94573 /* UIViewExtension.swift */ = {isa = PBXFileReference; lastKnownFileType = sourcecode.swift; path = UIViewExtension.swift; sourceTree = "<group>"; };
		01C23C2226033BAB00D94573 /* PDUICaseViewController.swift */ = {isa = PBXFileReference; lastKnownFileType = sourcecode.swift; path = PDUICaseViewController.swift; sourceTree = "<group>"; };
		01C23C252603499500D94573 /* PDVCUtil.swift */ = {isa = PBXFileReference; lastKnownFileType = sourcecode.swift; path = PDVCUtil.swift; sourceTree = "<group>"; };
		01C23C2926034ECD00D94573 /* PDZoomScrollView.swift */ = {isa = PBXFileReference; lastKnownFileType = sourcecode.swift; path = PDZoomScrollView.swift; sourceTree = "<group>"; };
		01C23C2D26034EEF00D94573 /* PDZoomScrollViewController.swift */ = {isa = PBXFileReference; lastKnownFileType = sourcecode.swift; path = PDZoomScrollViewController.swift; sourceTree = "<group>"; };
		01C23C36260350B400D94573 /* iconfont.ttf */ = {isa = PBXFileReference; lastKnownFileType = file; path = iconfont.ttf; sourceTree = "<group>"; };
		01C23C382603513000D94573 /* PDFileUtil.swift */ = {isa = PBXFileReference; lastKnownFileType = sourcecode.swift; path = PDFileUtil.swift; sourceTree = "<group>"; };
		D8647B626CBB03467C0B6313 /* Pods-PDemo.debug.xcconfig */ = {isa = PBXFileReference; includeInIndex = 1; lastKnownFileType = text.xcconfig; name = "Pods-PDemo.debug.xcconfig"; path = "Target Support Files/Pods-PDemo/Pods-PDemo.debug.xcconfig"; sourceTree = "<group>"; };
		E44123745A32C1A610C2323E /* Pods_PDemo.framework */ = {isa = PBXFileReference; explicitFileType = wrapper.framework; includeInIndex = 0; path = Pods_PDemo.framework; sourceTree = BUILT_PRODUCTS_DIR; };
/* End PBXFileReference section */

/* Begin PBXFrameworksBuildPhase section */
		01C23BDE2603236C00D94573 /* Frameworks */ = {
			isa = PBXFrameworksBuildPhase;
			buildActionMask = 2147483647;
			files = (
				817D53A754ED472F7519E14D /* Pods_PDemo.framework in Frameworks */,
			);
			runOnlyForDeploymentPostprocessing = 0;
		};
/* End PBXFrameworksBuildPhase section */

/* Begin PBXGroup section */
		01C23BD82603236C00D94573 = {
			isa = PBXGroup;
			children = (
				01C23BE32603236C00D94573 /* PDemo */,
				01C23BE22603236C00D94573 /* Products */,
				1051A4549C75D9A9C1A66E4A /* Pods */,
				64E3148786549D70CE54B4D2 /* Frameworks */,
			);
			sourceTree = "<group>";
		};
		01C23BE22603236C00D94573 /* Products */ = {
			isa = PBXGroup;
			children = (
				01C23BE12603236C00D94573 /* PDemo.app */,
			);
			name = Products;
			sourceTree = "<group>";
		};
		01C23BE32603236C00D94573 /* PDemo */ = {
			isa = PBXGroup;
			children = (
				01C23C1D2603360300D94573 /* Extension */,
				01C23BFC2603241400D94573 /* Bases */,
				01C23C012603241400D94573 /* Constants */,
				01C23C052603241500D94573 /* Modules */,
				01C23C092603241500D94573 /* Resources */,
				01C23C032603241500D94573 /* Utils */,
				01C23BE42603236C00D94573 /* AppDelegate.swift */,
				01C23BE62603236C00D94573 /* SceneDelegate.swift */,
				01C23BE82603236C00D94573 /* ViewController.swift */,
				01C23BEA2603236C00D94573 /* Main.storyboard */,
				01C23BED2603236D00D94573 /* Assets.xcassets */,
				01C23BEF2603236D00D94573 /* LaunchScreen.storyboard */,
				01C23BF22603236D00D94573 /* Info.plist */,
			);
			path = PDemo;
			sourceTree = "<group>";
		};
		01C23BFC2603241400D94573 /* Bases */ = {
			isa = PBXGroup;
			children = (
				01C23BFD2603241400D94573 /* PDTableViewController.swift */,
				01C23BFE2603241400D94573 /* PDListViewController.swift */,
				01C23BFF2603241400D94573 /* PDNavigationViewController.swift */,
				01C23C002603241400D94573 /* PDViewController.swift */,
				01C23C1626032BCC00D94573 /* PDTableViewCell.swift */,
			);
			path = Bases;
			sourceTree = "<group>";
		};
		01C23C012603241400D94573 /* Constants */ = {
			isa = PBXGroup;
			children = (
				01C23C022603241400D94573 /* ConstantUI.swift */,
			);
			path = Constants;
			sourceTree = "<group>";
		};
		01C23C032603241500D94573 /* Utils */ = {
			isa = PBXGroup;
			children = (
				01C23C042603241500D94573 /* PDDevice.swift */,
				01C23C252603499500D94573 /* PDVCUtil.swift */,
				01C23C382603513000D94573 /* PDFileUtil.swift */,
			);
			path = Utils;
			sourceTree = "<group>";
		};
		01C23C052603241500D94573 /* Modules */ = {
			isa = PBXGroup;
			children = (
				01C23C062603241500D94573 /* UI */,
			);
			path = Modules;
			sourceTree = "<group>";
		};
		01C23C062603241500D94573 /* UI */ = {
			isa = PBXGroup;
			children = (
				01C23C2826034EBB00D94573 /* ZoomScroll */,
				01C23C072603241500D94573 /* CGAffine */,
				01C23C2226033BAB00D94573 /* PDUICaseViewController.swift */,
			);
			path = UI;
			sourceTree = "<group>";
		};
		01C23C072603241500D94573 /* CGAffine */ = {
			isa = PBXGroup;
			children = (
				01C23C082603241500D94573 /* PDCGAffineTransformViewController.swift */,
				01924417260480B30010CA1A /* PDValueSlider.swift */,
			);
			path = CGAffine;
			sourceTree = "<group>";
		};
		01C23C092603241500D94573 /* Resources */ = {
			isa = PBXGroup;
			children = (
				01C23C37260350B800D94573 /* fonts */,
				01C23C302603507600D94573 /* images */,
				01C23C0A2603241500D94573 /* notes */,
			);
			path = Resources;
			sourceTree = "<group>";
		};
		01C23C0A2603241500D94573 /* notes */ = {
			isa = PBXGroup;
			children = (
				01C23C0B2603241500D94573 /* Questions */,
			);
			path = notes;
			sourceTree = "<group>";
		};
		01C23C1D2603360300D94573 /* Extension */ = {
			isa = PBXGroup;
			children = (
				01C23C1E2603369600D94573 /* UIViewExtension.swift */,
			);
			path = Extension;
			sourceTree = "<group>";
		};
		01C23C2826034EBB00D94573 /* ZoomScroll */ = {
			isa = PBXGroup;
			children = (
				01C23C2926034ECD00D94573 /* PDZoomScrollView.swift */,
				01C23C2D26034EEF00D94573 /* PDZoomScrollViewController.swift */,
				019244212608BCA00010CA1A /* PDIMGTransform.swift */,
			);
			path = ZoomScroll;
			sourceTree = "<group>";
		};
		01C23C302603507600D94573 /* images */ = {
			isa = PBXGroup;
			children = (
				0101A697260AE9520000A22A /* small.png */,
				0101A694260ADCE50000A22A /* sageAlliance.jpg */,
				0101A691260ADB310000A22A /* screenCut.jpeg */,
				0101A6812609EA1E0000A22A /* long_heightSmall.jpg */,
				0101A6822609EA1E0000A22A /* long_widthBig.png */,
				0101A6802609EA1E0000A22A /* long_widthSmall.jpg */,
			);
			path = images;
			sourceTree = "<group>";
		};
		01C23C37260350B800D94573 /* fonts */ = {
			isa = PBXGroup;
			children = (
				01C23C36260350B400D94573 /* iconfont.ttf */,
			);
			path = fonts;
			sourceTree = "<group>";
		};
		1051A4549C75D9A9C1A66E4A /* Pods */ = {
			isa = PBXGroup;
			children = (
				D8647B626CBB03467C0B6313 /* Pods-PDemo.debug.xcconfig */,
				007E21AF651E28A683EAE97F /* Pods-PDemo.release.xcconfig */,
			);
			path = Pods;
			sourceTree = "<group>";
		};
		64E3148786549D70CE54B4D2 /* Frameworks */ = {
			isa = PBXGroup;
			children = (
				E44123745A32C1A610C2323E /* Pods_PDemo.framework */,
			);
			name = Frameworks;
			sourceTree = "<group>";
		};
/* End PBXGroup section */

/* Begin PBXNativeTarget section */
		01C23BE02603236C00D94573 /* PDemo */ = {
			isa = PBXNativeTarget;
			buildConfigurationList = 01C23BF52603236D00D94573 /* Build configuration list for PBXNativeTarget "PDemo" */;
			buildPhases = (
				2AE90826CAE1FCEB0F82F1C2 /* [CP] Check Pods Manifest.lock */,
				01C23BDD2603236C00D94573 /* Sources */,
				01C23BDE2603236C00D94573 /* Frameworks */,
				01C23BDF2603236C00D94573 /* Resources */,
				847A7DDF7DBF6ECEE99CB0CE /* [CP] Embed Pods Frameworks */,
			);
			buildRules = (
			);
			dependencies = (
			);
			name = PDemo;
			productName = PDemo;
			productReference = 01C23BE12603236C00D94573 /* PDemo.app */;
			productType = "com.apple.product-type.application";
		};
/* End PBXNativeTarget section */

/* Begin PBXProject section */
		01C23BD92603236C00D94573 /* Project object */ = {
			isa = PBXProject;
			attributes = {
				LastSwiftUpdateCheck = 1240;
				LastUpgradeCheck = 1240;
				TargetAttributes = {
					01C23BE02603236C00D94573 = {
						CreatedOnToolsVersion = 12.4;
					};
				};
			};
			buildConfigurationList = 01C23BDC2603236C00D94573 /* Build configuration list for PBXProject "PDemo" */;
			compatibilityVersion = "Xcode 9.3";
			developmentRegion = en;
			hasScannedForEncodings = 0;
			knownRegions = (
				en,
				Base,
			);
			mainGroup = 01C23BD82603236C00D94573;
			productRefGroup = 01C23BE22603236C00D94573 /* Products */;
			projectDirPath = "";
			projectRoot = "";
			targets = (
				01C23BE02603236C00D94573 /* PDemo */,
			);
		};
/* End PBXProject section */

/* Begin PBXResourcesBuildPhase section */
		01C23BDF2603236C00D94573 /* Resources */ = {
			isa = PBXResourcesBuildPhase;
			buildActionMask = 2147483647;
			files = (
				01C23C132603241500D94573 /* Questions in Resources */,
				01C23BF12603236D00D94573 /* LaunchScreen.storyboard in Resources */,
				0101A6852609EA1E0000A22A /* long_widthBig.png in Resources */,
				0101A698260AE9520000A22A /* small.png in Resources */,
				0101A6832609EA1E0000A22A /* long_widthSmall.jpg in Resources */,
				0101A695260ADCE50000A22A /* sageAlliance.jpg in Resources */,
				0101A6842609EA1E0000A22A /* long_heightSmall.jpg in Resources */,
				01C23BEE2603236D00D94573 /* Assets.xcassets in Resources */,
				0101A692260ADB310000A22A /* screenCut.jpeg in Resources */,
				01C23BEC2603236C00D94573 /* Main.storyboard in Resources */,
			);
			runOnlyForDeploymentPostprocessing = 0;
		};
/* End PBXResourcesBuildPhase section */

/* Begin PBXShellScriptBuildPhase section */
		2AE90826CAE1FCEB0F82F1C2 /* [CP] Check Pods Manifest.lock */ = {
			isa = PBXShellScriptBuildPhase;
			buildActionMask = 2147483647;
			files = (
			);
			inputFileListPaths = (
			);
			inputPaths = (
				"${PODS_PODFILE_DIR_PATH}/Podfile.lock",
				"${PODS_ROOT}/Manifest.lock",
			);
			name = "[CP] Check Pods Manifest.lock";
			outputFileListPaths = (
			);
			outputPaths = (
				"$(DERIVED_FILE_DIR)/Pods-PDemo-checkManifestLockResult.txt",
			);
			runOnlyForDeploymentPostprocessing = 0;
			shellPath = /bin/sh;
			shellScript = "diff \"${PODS_PODFILE_DIR_PATH}/Podfile.lock\" \"${PODS_ROOT}/Manifest.lock\" > /dev/null\nif [ $? != 0 ] ; then\n    # print error to STDERR\n    echo \"error: The sandbox is not in sync with the Podfile.lock. Run 'pod install' or update your CocoaPods installation.\" >&2\n    exit 1\nfi\n# This output is used by Xcode 'outputs' to avoid re-running this script phase.\necho \"SUCCESS\" > \"${SCRIPT_OUTPUT_FILE_0}\"\n";
			showEnvVarsInLog = 0;
		};
		847A7DDF7DBF6ECEE99CB0CE /* [CP] Embed Pods Frameworks */ = {
			isa = PBXShellScriptBuildPhase;
			buildActionMask = 2147483647;
			files = (
			);
			inputFileListPaths = (
				"${PODS_ROOT}/Target Support Files/Pods-PDemo/Pods-PDemo-frameworks-${CONFIGURATION}-input-files.xcfilelist",
			);
			name = "[CP] Embed Pods Frameworks";
			outputFileListPaths = (
				"${PODS_ROOT}/Target Support Files/Pods-PDemo/Pods-PDemo-frameworks-${CONFIGURATION}-output-files.xcfilelist",
			);
			runOnlyForDeploymentPostprocessing = 0;
			shellPath = /bin/sh;
			shellScript = "\"${PODS_ROOT}/Target Support Files/Pods-PDemo/Pods-PDemo-frameworks.sh\"\n";
			showEnvVarsInLog = 0;
		};
/* End PBXShellScriptBuildPhase section */

/* Begin PBXSourcesBuildPhase section */
		01C23BDD2603236C00D94573 /* Sources */ = {
			isa = PBXSourcesBuildPhase;
			buildActionMask = 2147483647;
			files = (
				01924418260480B30010CA1A /* PDValueSlider.swift in Sources */,
				01C23C392603513000D94573 /* PDFileUtil.swift in Sources */,
				01C23BE92603236C00D94573 /* ViewController.swift in Sources */,
				01C23C0C2603241500D94573 /* PDTableViewController.swift in Sources */,
				01C23C2326033BAB00D94573 /* PDUICaseViewController.swift in Sources */,
				01C23C122603241500D94573 /* PDCGAffineTransformViewController.swift in Sources */,
				01C23C2E26034EEF00D94573 /* PDZoomScrollViewController.swift in Sources */,
				01C23C2A26034ECD00D94573 /* PDZoomScrollView.swift in Sources */,
				019244222608BCA10010CA1A /* PDIMGTransform.swift in Sources */,
				01C23C0F2603241500D94573 /* PDViewController.swift in Sources */,
				01C23C1726032BCC00D94573 /* PDTableViewCell.swift in Sources */,
				01C23C102603241500D94573 /* ConstantUI.swift in Sources */,
				01C23C1F2603369600D94573 /* UIViewExtension.swift in Sources */,
				01C23C0E2603241500D94573 /* PDNavigationViewController.swift in Sources */,
				01C23BE52603236C00D94573 /* AppDelegate.swift in Sources */,
				01C23C262603499500D94573 /* PDVCUtil.swift in Sources */,
				01C23C112603241500D94573 /* PDDevice.swift in Sources */,
				01C23C0D2603241500D94573 /* PDListViewController.swift in Sources */,
				01C23BE72603236C00D94573 /* SceneDelegate.swift in Sources */,
			);
			runOnlyForDeploymentPostprocessing = 0;
		};
/* End PBXSourcesBuildPhase section */

/* Begin PBXVariantGroup section */
		01C23BEA2603236C00D94573 /* Main.storyboard */ = {
			isa = PBXVariantGroup;
			children = (
				01C23BEB2603236C00D94573 /* Base */,
			);
			name = Main.storyboard;
			sourceTree = "<group>";
		};
		01C23BEF2603236D00D94573 /* LaunchScreen.storyboard */ = {
			isa = PBXVariantGroup;
			children = (
				01C23BF02603236D00D94573 /* Base */,
			);
			name = LaunchScreen.storyboard;
			sourceTree = "<group>";
		};
/* End PBXVariantGroup section */

/* Begin XCBuildConfiguration section */
		01C23BF32603236D00D94573 /* Debug */ = {
			isa = XCBuildConfiguration;
			buildSettings = {
				ALWAYS_SEARCH_USER_PATHS = NO;
				CLANG_ANALYZER_NONNULL = YES;
				CLANG_ANALYZER_NUMBER_OBJECT_CONVERSION = YES_AGGRESSIVE;
				CLANG_CXX_LANGUAGE_STANDARD = "gnu++14";
				CLANG_CXX_LIBRARY = "libc++";
				CLANG_ENABLE_MODULES = YES;
				CLANG_ENABLE_OBJC_ARC = YES;
				CLANG_ENABLE_OBJC_WEAK = YES;
				CLANG_WARN_BLOCK_CAPTURE_AUTORELEASING = YES;
				CLANG_WARN_BOOL_CONVERSION = YES;
				CLANG_WARN_COMMA = YES;
				CLANG_WARN_CONSTANT_CONVERSION = YES;
				CLANG_WARN_DEPRECATED_OBJC_IMPLEMENTATIONS = YES;
				CLANG_WARN_DIRECT_OBJC_ISA_USAGE = YES_ERROR;
				CLANG_WARN_DOCUMENTATION_COMMENTS = YES;
				CLANG_WARN_EMPTY_BODY = YES;
				CLANG_WARN_ENUM_CONVERSION = YES;
				CLANG_WARN_INFINITE_RECURSION = YES;
				CLANG_WARN_INT_CONVERSION = YES;
				CLANG_WARN_NON_LITERAL_NULL_CONVERSION = YES;
				CLANG_WARN_OBJC_IMPLICIT_RETAIN_SELF = YES;
				CLANG_WARN_OBJC_LITERAL_CONVERSION = YES;
				CLANG_WARN_OBJC_ROOT_CLASS = YES_ERROR;
				CLANG_WARN_QUOTED_INCLUDE_IN_FRAMEWORK_HEADER = YES;
				CLANG_WARN_RANGE_LOOP_ANALYSIS = YES;
				CLANG_WARN_STRICT_PROTOTYPES = YES;
				CLANG_WARN_SUSPICIOUS_MOVE = YES;
				CLANG_WARN_UNGUARDED_AVAILABILITY = YES_AGGRESSIVE;
				CLANG_WARN_UNREACHABLE_CODE = YES;
				CLANG_WARN__DUPLICATE_METHOD_MATCH = YES;
				COPY_PHASE_STRIP = NO;
				DEBUG_INFORMATION_FORMAT = dwarf;
				ENABLE_STRICT_OBJC_MSGSEND = YES;
				ENABLE_TESTABILITY = YES;
				GCC_C_LANGUAGE_STANDARD = gnu11;
				GCC_DYNAMIC_NO_PIC = NO;
				GCC_NO_COMMON_BLOCKS = YES;
				GCC_OPTIMIZATION_LEVEL = 0;
				GCC_PREPROCESSOR_DEFINITIONS = (
					"DEBUG=1",
					"$(inherited)",
				);
				GCC_WARN_64_TO_32_BIT_CONVERSION = YES;
				GCC_WARN_ABOUT_RETURN_TYPE = YES_ERROR;
				GCC_WARN_UNDECLARED_SELECTOR = YES;
				GCC_WARN_UNINITIALIZED_AUTOS = YES_AGGRESSIVE;
				GCC_WARN_UNUSED_FUNCTION = YES;
				GCC_WARN_UNUSED_VARIABLE = YES;
				IPHONEOS_DEPLOYMENT_TARGET = 10.0;
				MTL_ENABLE_DEBUG_INFO = INCLUDE_SOURCE;
				MTL_FAST_MATH = YES;
				ONLY_ACTIVE_ARCH = YES;
				SDKROOT = iphoneos;
				SWIFT_ACTIVE_COMPILATION_CONDITIONS = DEBUG;
				SWIFT_OPTIMIZATION_LEVEL = "-Onone";
			};
			name = Debug;
		};
		01C23BF42603236D00D94573 /* Release */ = {
			isa = XCBuildConfiguration;
			buildSettings = {
				ALWAYS_SEARCH_USER_PATHS = NO;
				CLANG_ANALYZER_NONNULL = YES;
				CLANG_ANALYZER_NUMBER_OBJECT_CONVERSION = YES_AGGRESSIVE;
				CLANG_CXX_LANGUAGE_STANDARD = "gnu++14";
				CLANG_CXX_LIBRARY = "libc++";
				CLANG_ENABLE_MODULES = YES;
				CLANG_ENABLE_OBJC_ARC = YES;
				CLANG_ENABLE_OBJC_WEAK = YES;
				CLANG_WARN_BLOCK_CAPTURE_AUTORELEASING = YES;
				CLANG_WARN_BOOL_CONVERSION = YES;
				CLANG_WARN_COMMA = YES;
				CLANG_WARN_CONSTANT_CONVERSION = YES;
				CLANG_WARN_DEPRECATED_OBJC_IMPLEMENTATIONS = YES;
				CLANG_WARN_DIRECT_OBJC_ISA_USAGE = YES_ERROR;
				CLANG_WARN_DOCUMENTATION_COMMENTS = YES;
				CLANG_WARN_EMPTY_BODY = YES;
				CLANG_WARN_ENUM_CONVERSION = YES;
				CLANG_WARN_INFINITE_RECURSION = YES;
				CLANG_WARN_INT_CONVERSION = YES;
				CLANG_WARN_NON_LITERAL_NULL_CONVERSION = YES;
				CLANG_WARN_OBJC_IMPLICIT_RETAIN_SELF = YES;
				CLANG_WARN_OBJC_LITERAL_CONVERSION = YES;
				CLANG_WARN_OBJC_ROOT_CLASS = YES_ERROR;
				CLANG_WARN_QUOTED_INCLUDE_IN_FRAMEWORK_HEADER = YES;
				CLANG_WARN_RANGE_LOOP_ANALYSIS = YES;
				CLANG_WARN_STRICT_PROTOTYPES = YES;
				CLANG_WARN_SUSPICIOUS_MOVE = YES;
				CLANG_WARN_UNGUARDED_AVAILABILITY = YES_AGGRESSIVE;
				CLANG_WARN_UNREACHABLE_CODE = YES;
				CLANG_WARN__DUPLICATE_METHOD_MATCH = YES;
				COPY_PHASE_STRIP = NO;
				DEBUG_INFORMATION_FORMAT = "dwarf-with-dsym";
				ENABLE_NS_ASSERTIONS = NO;
				ENABLE_STRICT_OBJC_MSGSEND = YES;
				GCC_C_LANGUAGE_STANDARD = gnu11;
				GCC_NO_COMMON_BLOCKS = YES;
				GCC_WARN_64_TO_32_BIT_CONVERSION = YES;
				GCC_WARN_ABOUT_RETURN_TYPE = YES_ERROR;
				GCC_WARN_UNDECLARED_SELECTOR = YES;
				GCC_WARN_UNINITIALIZED_AUTOS = YES_AGGRESSIVE;
				GCC_WARN_UNUSED_FUNCTION = YES;
				GCC_WARN_UNUSED_VARIABLE = YES;
				IPHONEOS_DEPLOYMENT_TARGET = 10.0;
				MTL_ENABLE_DEBUG_INFO = NO;
				MTL_FAST_MATH = YES;
				SDKROOT = iphoneos;
				SWIFT_COMPILATION_MODE = wholemodule;
				SWIFT_OPTIMIZATION_LEVEL = "-O";
				VALIDATE_PRODUCT = YES;
			};
			name = Release;
		};
		01C23BF62603236D00D94573 /* Debug */ = {
			isa = XCBuildConfiguration;
			baseConfigurationReference = D8647B626CBB03467C0B6313 /* Pods-PDemo.debug.xcconfig */;
			buildSettings = {
				ASSETCATALOG_COMPILER_APPICON_NAME = AppIcon;
				ASSETCATALOG_COMPILER_GLOBAL_ACCENT_COLOR_NAME = AccentColor;
				CODE_SIGN_STYLE = Automatic;
				DEVELOPMENT_TEAM = 6ZUV3Y67Z8;
				INFOPLIST_FILE = PDemo/Info.plist;
				IPHONEOS_DEPLOYMENT_TARGET = 10.0;
				LD_RUNPATH_SEARCH_PATHS = (
					"$(inherited)",
					"@executable_path/Frameworks",
				);
				PRODUCT_BUNDLE_IDENTIFIER = fmy.PDemo;
				PRODUCT_NAME = "$(TARGET_NAME)";
				SWIFT_VERSION = 5.0;
				TARGETED_DEVICE_FAMILY = "1,2";
			};
			name = Debug;
		};
		01C23BF72603236D00D94573 /* Release */ = {
			isa = XCBuildConfiguration;
			baseConfigurationReference = 007E21AF651E28A683EAE97F /* Pods-PDemo.release.xcconfig */;
			buildSettings = {
				ASSETCATALOG_COMPILER_APPICON_NAME = AppIcon;
				ASSETCATALOG_COMPILER_GLOBAL_ACCENT_COLOR_NAME = AccentColor;
				CODE_SIGN_STYLE = Automatic;
				DEVELOPMENT_TEAM = 6ZUV3Y67Z8;
				INFOPLIST_FILE = PDemo/Info.plist;
				IPHONEOS_DEPLOYMENT_TARGET = 10.0;
				LD_RUNPATH_SEARCH_PATHS = (
					"$(inherited)",
					"@executable_path/Frameworks",
				);
				PRODUCT_BUNDLE_IDENTIFIER = fmy.PDemo;
				PRODUCT_NAME = "$(TARGET_NAME)";
				SWIFT_VERSION = 5.0;
				TARGETED_DEVICE_FAMILY = "1,2";
			};
			name = Release;
		};
/* End XCBuildConfiguration section */

/* Begin XCConfigurationList section */
		01C23BDC2603236C00D94573 /* Build configuration list for PBXProject "PDemo" */ = {
			isa = XCConfigurationList;
			buildConfigurations = (
				01C23BF32603236D00D94573 /* Debug */,
				01C23BF42603236D00D94573 /* Release */,
			);
			defaultConfigurationIsVisible = 0;
			defaultConfigurationName = Release;
		};
		01C23BF52603236D00D94573 /* Build configuration list for PBXNativeTarget "PDemo" */ = {
			isa = XCConfigurationList;
			buildConfigurations = (
				01C23BF62603236D00D94573 /* Debug */,
				01C23BF72603236D00D94573 /* Release */,
			);
			defaultConfigurationIsVisible = 0;
			defaultConfigurationName = Release;
		};
/* End XCConfigurationList section */
	};
	rootObject = 01C23BD92603236C00D94573 /* Project object */;
}
